
Microsoft Visual Studio Solution File, Format Version 12.00
# Visual Studio Version 17
VisualStudioVersion = 17.3.32819.101
MinimumVisualStudioVersion = 10.0.40219.1
Project("{FAE04EC0-301F-11D3-BF4B-00C04F79EFBC}") = "CH5 20220831", "CH5 20220831\CH5 20220831.csproj", "{38C86198-A8FC-4379-A5AD-F12E24E8B387}"
EndProject
Global
	GlobalSection(SolutionConfigurationPlatforms) = preSolution
		Debug|Any CPU = Debug|Any CPU
		Release|Any CPU = Release|Any CPU
	EndGlobalSection
	GlobalSection(ProjectConfigurationPlatforms) = postSolution
		{38C86198-A8FC-4379-A5AD-F12E24E8B387}.Debug|Any CPU.ActiveCfg = Debug|Any CPU
		{38C86198-A8FC-4379-A5AD-F12E24E8B387}.Debug|Any CPU.Build.0 = Debug|Any CPU
		{38C86198-A8FC-4379-A5AD-F12E24E8B387}.Release|Any CPU.ActiveCfg = Release|Any CPU
		{38C86198-A8FC-4379-A5AD-F12E24E8B387}.Release|Any CPU.Build.0 = Release|Any CPU
	EndGlobalSection
	GlobalSection(SolutionProperties) = preSolution
		HideSolutionNode = FALSE
	EndGlobalSection
	GlobalSection(ExtensibilityGlobals) = postSolution
		SolutionGuid = {F6F007FC-BAB4-4F8D-9016-4906F3160B9F}
	EndGlobalSection
EndGlobal
